
Microsoft Visual Studio Solution File, Format Version 12.00
# Visual Studio Version 16
VisualStudioVersion = 16.0.31515.178
MinimumVisualStudioVersion = 10.0.40219.1
Project("{FAE04EC0-301F-11D3-BF4B-00C04F79EFBC}") = "Test", "Test\Test.csproj", "{DB578033-10AA-4423-94C7-5F3250C26439}"
EndProject
Global
	GlobalSection(SolutionConfigurationPlatforms) = preSolution
		Debug|Any CPU = Debug|Any CPU
		Release|Any CPU = Release|Any CPU
	EndGlobalSection
	GlobalSection(ProjectConfigurationPlatforms) = postSolution
		{DB578033-10AA-4423-94C7-5F3250C26439}.Debug|Any CPU.ActiveCfg = Debug|Any CPU
		{DB578033-10AA-4423-94C7-5F3250C26439}.Debug|Any CPU.Build.0 = Debug|Any CPU
		{DB578033-10AA-4423-94C7-5F3250C26439}.Release|Any CPU.ActiveCfg = Release|Any CPU
		{DB578033-10AA-4423-94C7-5F3250C26439}.Release|Any CPU.Build.0 = Release|Any CPU
	EndGlobalSection
	GlobalSection(SolutionProperties) = preSolution
		HideSolutionNode = FALSE
	EndGlobalSection
	GlobalSection(ExtensibilityGlobals) = postSolution
		SolutionGuid = {EA988C44-B7D1-4665-BD02-30DB8CB4FBFA}
	EndGlobalSection
EndGlobal
