
Microsoft Visual Studio Solution File, Format Version 12.00
# Visual Studio Version 16
VisualStudioVersion = 16.0.31515.178
MinimumVisualStudioVersion = 10.0.40219.1
Project("{FAE04EC0-301F-11D3-BF4B-00C04F79EFBC}") = "DrinkOrderSystem", "DrinkOrderSystem\DrinkOrderSystem.csproj", "{015BAD4F-B379-4787-AF36-F7E7C0D2C632}"
EndProject
Project("{FAE04EC0-301F-11D3-BF4B-00C04F79EFBC}") = "DOS_DBSoure", "DOS_DBSoure\DOS_DBSoure.csproj", "{C83D443F-2986-4490-BC9A-3E7C8216CB1F}"
EndProject
Project("{FAE04EC0-301F-11D3-BF4B-00C04F79EFBC}") = "DOS_Auth", "DOS_Auth\DOS_Auth.csproj", "{D6D33867-CDD8-47BB-9CCB-850F4250BDD3}"
EndProject
Project("{FAE04EC0-301F-11D3-BF4B-00C04F79EFBC}") = "DOS_ORM", "DOS_ORM\DOS_ORM.csproj", "{113EE810-4878-4A4E-9F9D-1977F6761D26}"
EndProject
Project("{FAE04EC0-301F-11D3-BF4B-00C04F79EFBC}") = "DOS_Models", "DOS_Models\DOS_Models.csproj", "{FB0D1951-F84A-45E2-9E6F-C3960383B71D}"
EndProject
Global
	GlobalSection(SolutionConfigurationPlatforms) = preSolution
		Debug|Any CPU = Debug|Any CPU
		Release|Any CPU = Release|Any CPU
	EndGlobalSection
	GlobalSection(ProjectConfigurationPlatforms) = postSolution
		{015BAD4F-B379-4787-AF36-F7E7C0D2C632}.Debug|Any CPU.ActiveCfg = Debug|Any CPU
		{015BAD4F-B379-4787-AF36-F7E7C0D2C632}.Debug|Any CPU.Build.0 = Debug|Any CPU
		{015BAD4F-B379-4787-AF36-F7E7C0D2C632}.Release|Any CPU.ActiveCfg = Release|Any CPU
		{015BAD4F-B379-4787-AF36-F7E7C0D2C632}.Release|Any CPU.Build.0 = Release|Any CPU
		{C83D443F-2986-4490-BC9A-3E7C8216CB1F}.Debug|Any CPU.ActiveCfg = Debug|Any CPU
		{C83D443F-2986-4490-BC9A-3E7C8216CB1F}.Debug|Any CPU.Build.0 = Debug|Any CPU
		{C83D443F-2986-4490-BC9A-3E7C8216CB1F}.Release|Any CPU.ActiveCfg = Release|Any CPU
		{C83D443F-2986-4490-BC9A-3E7C8216CB1F}.Release|Any CPU.Build.0 = Release|Any CPU
		{D6D33867-CDD8-47BB-9CCB-850F4250BDD3}.Debug|Any CPU.ActiveCfg = Debug|Any CPU
		{D6D33867-CDD8-47BB-9CCB-850F4250BDD3}.Debug|Any CPU.Build.0 = Debug|Any CPU
		{D6D33867-CDD8-47BB-9CCB-850F4250BDD3}.Release|Any CPU.ActiveCfg = Release|Any CPU
		{D6D33867-CDD8-47BB-9CCB-850F4250BDD3}.Release|Any CPU.Build.0 = Release|Any CPU
		{113EE810-4878-4A4E-9F9D-1977F6761D26}.Debug|Any CPU.ActiveCfg = Debug|Any CPU
		{113EE810-4878-4A4E-9F9D-1977F6761D26}.Debug|Any CPU.Build.0 = Debug|Any CPU
		{113EE810-4878-4A4E-9F9D-1977F6761D26}.Release|Any CPU.ActiveCfg = Release|Any CPU
		{113EE810-4878-4A4E-9F9D-1977F6761D26}.Release|Any CPU.Build.0 = Release|Any CPU
		{FB0D1951-F84A-45E2-9E6F-C3960383B71D}.Debug|Any CPU.ActiveCfg = Debug|Any CPU
		{FB0D1951-F84A-45E2-9E6F-C3960383B71D}.Debug|Any CPU.Build.0 = Debug|Any CPU
		{FB0D1951-F84A-45E2-9E6F-C3960383B71D}.Release|Any CPU.ActiveCfg = Release|Any CPU
		{FB0D1951-F84A-45E2-9E6F-C3960383B71D}.Release|Any CPU.Build.0 = Release|Any CPU
	EndGlobalSection
	GlobalSection(SolutionProperties) = preSolution
		HideSolutionNode = FALSE
	EndGlobalSection
	GlobalSection(ExtensibilityGlobals) = postSolution
		SolutionGuid = {81F74E92-DD5E-403B-910C-9CFA3B29CB3D}
	EndGlobalSection
EndGlobal
